
Microsoft Visual Studio Solution File, Format Version 12.00
# Visual Studio Version 17
VisualStudioVersion = 17.0.31919.166
MinimumVisualStudioVersion = 10.0.40219.1
Project("{00D1A9C2-B5F0-4AF3-8072-F6C62B433612}") = "Database", "Database\Database.sqlproj", "{9413EDBA-B603-419A-A5E8-082E3585A355}"
EndProject
Project("{9A19103F-16F7-4668-BE54-9A1E7A4F7556}") = "CRUDOperations", "CRUDOperations\CRUDOperations.csproj", "{4779E083-5AC8-4C81-AD89-9DEB23C13794}"
	ProjectSection(ProjectDependencies) = postProject
		{8B4F4F48-F5CE-4382-9720-332565314FAD} = {8B4F4F48-F5CE-4382-9720-332565314FAD}
	EndProjectSection
EndProject
Project("{9A19103F-16F7-4668-BE54-9A1E7A4F7556}") = "DataModels", "DataModels\DataModels.csproj", "{8B4F4F48-F5CE-4382-9720-332565314FAD}"
EndProject
Project("{2150E333-8FDC-42A3-9474-1A3956D46DE8}") = "Solution Items", "Solution Items", "{01B136E0-6ABF-4456-BC9F-0DE0C736D7B5}"
	ProjectSection(SolutionItems) = preProject
		.editorconfig = .editorconfig
	EndProjectSection
EndProject
Global
	GlobalSection(SolutionConfigurationPlatforms) = preSolution
		Debug|Any CPU = Debug|Any CPU
		Release|Any CPU = Release|Any CPU
	EndGlobalSection
	GlobalSection(ProjectConfigurationPlatforms) = postSolution
		{9413EDBA-B603-419A-A5E8-082E3585A355}.Debug|Any CPU.ActiveCfg = Debug|Any CPU
		{9413EDBA-B603-419A-A5E8-082E3585A355}.Debug|Any CPU.Build.0 = Debug|Any CPU
		{9413EDBA-B603-419A-A5E8-082E3585A355}.Debug|Any CPU.Deploy.0 = Debug|Any CPU
		{9413EDBA-B603-419A-A5E8-082E3585A355}.Release|Any CPU.ActiveCfg = Release|Any CPU
		{9413EDBA-B603-419A-A5E8-082E3585A355}.Release|Any CPU.Build.0 = Release|Any CPU
		{9413EDBA-B603-419A-A5E8-082E3585A355}.Release|Any CPU.Deploy.0 = Release|Any CPU
		{4779E083-5AC8-4C81-AD89-9DEB23C13794}.Debug|Any CPU.ActiveCfg = Debug|Any CPU
		{4779E083-5AC8-4C81-AD89-9DEB23C13794}.Debug|Any CPU.Build.0 = Debug|Any CPU
		{4779E083-5AC8-4C81-AD89-9DEB23C13794}.Release|Any CPU.ActiveCfg = Release|Any CPU
		{4779E083-5AC8-4C81-AD89-9DEB23C13794}.Release|Any CPU.Build.0 = Release|Any CPU
		{8B4F4F48-F5CE-4382-9720-332565314FAD}.Debug|Any CPU.ActiveCfg = Debug|Any CPU
		{8B4F4F48-F5CE-4382-9720-332565314FAD}.Debug|Any CPU.Build.0 = Debug|Any CPU
		{8B4F4F48-F5CE-4382-9720-332565314FAD}.Release|Any CPU.ActiveCfg = Release|Any CPU
		{8B4F4F48-F5CE-4382-9720-332565314FAD}.Release|Any CPU.Build.0 = Release|Any CPU
	EndGlobalSection
	GlobalSection(SolutionProperties) = preSolution
		HideSolutionNode = FALSE
	EndGlobalSection
	GlobalSection(ExtensibilityGlobals) = postSolution
		SolutionGuid = {0F9D7DCA-84A3-413A-A336-C099EBBA28CA}
	EndGlobalSection
EndGlobal
